
Microsoft Visual Studio Solution File, Format Version 12.00
# Visual Studio 2013
VisualStudioVersion = 12.0.21005.1
MinimumVisualStudioVersion = 10.0.40219.1
Project("{8BC9CEB8-8B4A-11D0-8D11-00A0C91BC942}") = "multiples-of-3-and-5", "multiples-of-3-and-5\multiples-of-3-and-5.vcxproj", "{553D4240-EF84-4AB0-AB66-B4EABDFB8208}"
EndProject
Project("{8BC9CEB8-8B4A-11D0-8D11-00A0C91BC942}") = "even-fibonacci-numbers", "even-fibonacci-numbers\even-fibonacci-numbers.vcxproj", "{AE9BC4E3-11C8-455B-B8AC-1F185F1718C3}"
EndProject
Project("{8BC9CEB8-8B4A-11D0-8D11-00A0C91BC942}") = "largest-prime-factor", "largest-prime-factor\largest-prime-factor.vcxproj", "{92CD94F2-3614-4D9A-B5A9-74B4501F90E9}"
EndProject
Project("{8BC9CEB8-8B4A-11D0-8D11-00A0C91BC942}") = "largest-palindrome-product", "largest-palindrome-product\largest-palindrome-product.vcxproj", "{FF86590D-DDE5-4BA2-B90B-8BBCB27DBB73}"
EndProject
Project("{8BC9CEB8-8B4A-11D0-8D11-00A0C91BC942}") = "smallest-multiple", "smallest-multiple\smallest-multiple.vcxproj", "{13F2B8D7-698E-4C4F-A06A-6D28E45B021D}"
EndProject
Global
	GlobalSection(SolutionConfigurationPlatforms) = preSolution
		Debug|Win32 = Debug|Win32
		Release|Win32 = Release|Win32
	EndGlobalSection
	GlobalSection(ProjectConfigurationPlatforms) = postSolution
		{553D4240-EF84-4AB0-AB66-B4EABDFB8208}.Debug|Win32.ActiveCfg = Debug|Win32
		{553D4240-EF84-4AB0-AB66-B4EABDFB8208}.Debug|Win32.Build.0 = Debug|Win32
		{553D4240-EF84-4AB0-AB66-B4EABDFB8208}.Release|Win32.ActiveCfg = Release|Win32
		{553D4240-EF84-4AB0-AB66-B4EABDFB8208}.Release|Win32.Build.0 = Release|Win32
		{AE9BC4E3-11C8-455B-B8AC-1F185F1718C3}.Debug|Win32.ActiveCfg = Debug|Win32
		{AE9BC4E3-11C8-455B-B8AC-1F185F1718C3}.Debug|Win32.Build.0 = Debug|Win32
		{AE9BC4E3-11C8-455B-B8AC-1F185F1718C3}.Release|Win32.ActiveCfg = Release|Win32
		{AE9BC4E3-11C8-455B-B8AC-1F185F1718C3}.Release|Win32.Build.0 = Release|Win32
		{92CD94F2-3614-4D9A-B5A9-74B4501F90E9}.Debug|Win32.ActiveCfg = Debug|Win32
		{92CD94F2-3614-4D9A-B5A9-74B4501F90E9}.Debug|Win32.Build.0 = Debug|Win32
		{92CD94F2-3614-4D9A-B5A9-74B4501F90E9}.Release|Win32.ActiveCfg = Release|Win32
		{92CD94F2-3614-4D9A-B5A9-74B4501F90E9}.Release|Win32.Build.0 = Release|Win32
		{FF86590D-DDE5-4BA2-B90B-8BBCB27DBB73}.Debug|Win32.ActiveCfg = Debug|Win32
		{FF86590D-DDE5-4BA2-B90B-8BBCB27DBB73}.Debug|Win32.Build.0 = Debug|Win32
		{FF86590D-DDE5-4BA2-B90B-8BBCB27DBB73}.Release|Win32.ActiveCfg = Release|Win32
		{FF86590D-DDE5-4BA2-B90B-8BBCB27DBB73}.Release|Win32.Build.0 = Release|Win32
		{13F2B8D7-698E-4C4F-A06A-6D28E45B021D}.Debug|Win32.ActiveCfg = Debug|Win32
		{13F2B8D7-698E-4C4F-A06A-6D28E45B021D}.Debug|Win32.Build.0 = Debug|Win32
		{13F2B8D7-698E-4C4F-A06A-6D28E45B021D}.Release|Win32.ActiveCfg = Release|Win32
		{13F2B8D7-698E-4C4F-A06A-6D28E45B021D}.Release|Win32.Build.0 = Release|Win32
	EndGlobalSection
	GlobalSection(SolutionProperties) = preSolution
		HideSolutionNode = FALSE
	EndGlobalSection
EndGlobal
